// !$*UTF8*$!
{
	archiveVersion = 1;
	classes = {
	};
	objectVersion = 48;
	objects = {

/* Begin PBXBuildFile section */
		4C3FEEE720F5A0E900354AD9 /* easylove.mp3 in Resources */ = {isa = PBXBuildFile; fileRef = 4C3FEEE620F5A0E900354AD9 /* easylove.mp3 */; };
		4C3FEEEC20F5FD9200354AD9 /* MovieFilter.swift in Sources */ = {isa = PBXBuildFile; fileRef = 4C3FEEEB20F5FD9200354AD9 /* MovieFilter.swift */; };
		4C3FEEF020F6020400354AD9 /* TestFilter.m in Sources */ = {isa = PBXBuildFile; fileRef = 4C3FEEEF20F6020400354AD9 /* TestFilter.m */; };
		4C422EEB20EDF40A008229F4 /* MovieListViewController.swift in Sources */ = {isa = PBXBuildFile; fileRef = 4C422EEA20EDF40A008229F4 /* MovieListViewController.swift */; };
		4C422EED20EDFCAB008229F4 /* ClipFileManager.swift in Sources */ = {isa = PBXBuildFile; fileRef = 4C422EEC20EDFCAB008229F4 /* ClipFileManager.swift */; };
		4C97189E20F4ADA2003C5665 /* kataomoi.mp3 in Resources */ = {isa = PBXBuildFile; fileRef = 4C97189D20F4ADA2003C5665 /* kataomoi.mp3 */; };
		4CCD25AE20F45A1100198D0C /* MovieBGMSelectView.swift in Sources */ = {isa = PBXBuildFile; fileRef = 4CCD25AD20F45A1100198D0C /* MovieBGMSelectView.swift */; };
		4CE7D1DC20F306050015A39D /* MovieCreateManager.swift in Sources */ = {isa = PBXBuildFile; fileRef = 4CE7D1DB20F306050015A39D /* MovieCreateManager.swift */; };
		4CE7D1DE20F3106B0015A39D /* MovieRecordBarView.swift in Sources */ = {isa = PBXBuildFile; fileRef = 4CE7D1DD20F3106B0015A39D /* MovieRecordBarView.swift */; };
		4CE7D1E020F364AA0015A39D /* MovieConposer.swift in Sources */ = {isa = PBXBuildFile; fileRef = 4CE7D1DF20F364AA0015A39D /* MovieConposer.swift */; };
		4CFB359C20EC76F7009B3893 /* AppDelegate.swift in Sources */ = {isa = PBXBuildFile; fileRef = 4CFB359B20EC76F7009B3893 /* AppDelegate.swift */; };
		4CFB359E20EC76F7009B3893 /* ViewController.swift in Sources */ = {isa = PBXBuildFile; fileRef = 4CFB359D20EC76F7009B3893 /* ViewController.swift */; };
		4CFB35A120EC76F7009B3893 /* Main.storyboard in Resources */ = {isa = PBXBuildFile; fileRef = 4CFB359F20EC76F7009B3893 /* Main.storyboard */; };
		4CFB35A320EC76F7009B3893 /* Assets.xcassets in Resources */ = {isa = PBXBuildFile; fileRef = 4CFB35A220EC76F7009B3893 /* Assets.xcassets */; };
		4CFB35A620EC76F7009B3893 /* LaunchScreen.storyboard in Resources */ = {isa = PBXBuildFile; fileRef = 4CFB35A420EC76F7009B3893 /* LaunchScreen.storyboard */; };
		4CFB35B020EC7C89009B3893 /* SnapKit.framework in Frameworks */ = {isa = PBXBuildFile; fileRef = 4CFB35AF20EC7C89009B3893 /* SnapKit.framework */; };
		4CFB35B220EC7CBB009B3893 /* ReactiveCocoa.framework in Frameworks */ = {isa = PBXBuildFile; fileRef = 4CFB35B120EC7CBB009B3893 /* ReactiveCocoa.framework */; };
		4CFB35B420EC7CCA009B3893 /* ReactiveSwift.framework in Frameworks */ = {isa = PBXBuildFile; fileRef = 4CFB35B320EC7CCA009B3893 /* ReactiveSwift.framework */; };
		4CFB35B620EC7CDE009B3893 /* Result.framework in Frameworks */ = {isa = PBXBuildFile; fileRef = 4CFB35B520EC7CDE009B3893 /* Result.framework */; };
		4CFB35B820EC7DA4009B3893 /* MovieRecordViewController.swift in Sources */ = {isa = PBXBuildFile; fileRef = 4CFB35B720EC7DA4009B3893 /* MovieRecordViewController.swift */; };
		4CFB35BA20EC7DB9009B3893 /* MovieEditViewController.swift in Sources */ = {isa = PBXBuildFile; fileRef = 4CFB35B920EC7DB9009B3893 /* MovieEditViewController.swift */; };
		4CFB35BD20EC90AA009B3893 /* Clip.swift in Sources */ = {isa = PBXBuildFile; fileRef = 4CFB35BC20EC90AA009B3893 /* Clip.swift */; };
		4CFB35C220EC9769009B3893 /* MovieRecordViewModel.swift in Sources */ = {isa = PBXBuildFile; fileRef = 4CFB35C120EC9769009B3893 /* MovieRecordViewModel.swift */; };
		4CFB35C520EC9A20009B3893 /* RecordPreviewView.swift in Sources */ = {isa = PBXBuildFile; fileRef = 4CFB35C420EC9A20009B3893 /* RecordPreviewView.swift */; };
		4CFB35C720ECA461009B3893 /* RecordSession.swift in Sources */ = {isa = PBXBuildFile; fileRef = 4CFB35C620ECA461009B3893 /* RecordSession.swift */; };
		4CFB35C920ECB3E7009B3893 /* RecordEditView.swift in Sources */ = {isa = PBXBuildFile; fileRef = 4CFB35C820ECB3E7009B3893 /* RecordEditView.swift */; };
		4CFB35CB20ECB9F8009B3893 /* ReactiveExtension.swift in Sources */ = {isa = PBXBuildFile; fileRef = 4CFB35CA20ECB9F8009B3893 /* ReactiveExtension.swift */; };
		4CFB35CD20ECC59C009B3893 /* BGMClip.swift in Sources */ = {isa = PBXBuildFile; fileRef = 4CFB35CC20ECC59C009B3893 /* BGMClip.swift */; };
		F52C4ECE5C53698F64B5E5C8 /* Pods_MVideoEdit.framework in Frameworks */ = {isa = PBXBuildFile; fileRef = E9F1007B7C1CAA1266F285BA /* Pods_MVideoEdit.framework */; };
/* End PBXBuildFile section */

/* Begin PBXFileReference section */
		1277D2981CEF07023262061B /* Pods-MVideoEdit.release.xcconfig */ = {isa = PBXFileReference; includeInIndex = 1; lastKnownFileType = text.xcconfig; name = "Pods-MVideoEdit.release.xcconfig"; path = "Pods/Target Support Files/Pods-MVideoEdit/Pods-MVideoEdit.release.xcconfig"; sourceTree = "<group>"; };
		4C3FEEE620F5A0E900354AD9 /* easylove.mp3 */ = {isa = PBXFileReference; lastKnownFileType = audio.mp3; path = easylove.mp3; sourceTree = "<group>"; };
		4C3FEEEB20F5FD9200354AD9 /* MovieFilter.swift */ = {isa = PBXFileReference; lastKnownFileType = sourcecode.swift; path = MovieFilter.swift; sourceTree = "<group>"; };
		4C3FEEEE20F6020400354AD9 /* TestFilter.h */ = {isa = PBXFileReference; lastKnownFileType = sourcecode.c.h; path = TestFilter.h; sourceTree = "<group>"; };
		4C3FEEEF20F6020400354AD9 /* TestFilter.m */ = {isa = PBXFileReference; lastKnownFileType = sourcecode.c.objc; path = TestFilter.m; sourceTree = "<group>"; };
		4C422EEA20EDF40A008229F4 /* MovieListViewController.swift */ = {isa = PBXFileReference; lastKnownFileType = sourcecode.swift; path = MovieListViewController.swift; sourceTree = "<group>"; };
		4C422EEC20EDFCAB008229F4 /* ClipFileManager.swift */ = {isa = PBXFileReference; lastKnownFileType = sourcecode.swift; path = ClipFileManager.swift; sourceTree = "<group>"; };
		4C97189D20F4ADA2003C5665 /* kataomoi.mp3 */ = {isa = PBXFileReference; lastKnownFileType = audio.mp3; path = kataomoi.mp3; sourceTree = "<group>"; };
		4CCD25AD20F45A1100198D0C /* MovieBGMSelectView.swift */ = {isa = PBXFileReference; lastKnownFileType = sourcecode.swift; path = MovieBGMSelectView.swift; sourceTree = "<group>"; };
		4CE7D1DB20F306050015A39D /* MovieCreateManager.swift */ = {isa = PBXFileReference; lastKnownFileType = sourcecode.swift; path = MovieCreateManager.swift; sourceTree = "<group>"; };
		4CE7D1DD20F3106B0015A39D /* MovieRecordBarView.swift */ = {isa = PBXFileReference; lastKnownFileType = sourcecode.swift; path = MovieRecordBarView.swift; sourceTree = "<group>"; };
		4CE7D1DF20F364AA0015A39D /* MovieConposer.swift */ = {isa = PBXFileReference; lastKnownFileType = sourcecode.swift; path = MovieConposer.swift; sourceTree = "<group>"; };
		4CFB359820EC76F7009B3893 /* MVideoEdit.app */ = {isa = PBXFileReference; explicitFileType = wrapper.application; includeInIndex = 0; path = MVideoEdit.app; sourceTree = BUILT_PRODUCTS_DIR; };
		4CFB359B20EC76F7009B3893 /* AppDelegate.swift */ = {isa = PBXFileReference; lastKnownFileType = sourcecode.swift; path = AppDelegate.swift; sourceTree = "<group>"; };
		4CFB359D20EC76F7009B3893 /* ViewController.swift */ = {isa = PBXFileReference; lastKnownFileType = sourcecode.swift; path = ViewController.swift; sourceTree = "<group>"; };
		4CFB35A020EC76F7009B3893 /* Base */ = {isa = PBXFileReference; lastKnownFileType = file.storyboard; name = Base; path = Base.lproj/Main.storyboard; sourceTree = "<group>"; };
		4CFB35A220EC76F7009B3893 /* Assets.xcassets */ = {isa = PBXFileReference; lastKnownFileType = folder.assetcatalog; path = Assets.xcassets; sourceTree = "<group>"; };
		4CFB35A520EC76F7009B3893 /* Base */ = {isa = PBXFileReference; lastKnownFileType = file.storyboard; name = Base; path = Base.lproj/LaunchScreen.storyboard; sourceTree = "<group>"; };
		4CFB35A720EC76F7009B3893 /* Info.plist */ = {isa = PBXFileReference; lastKnownFileType = text.plist.xml; path = Info.plist; sourceTree = "<group>"; };
		4CFB35AF20EC7C89009B3893 /* SnapKit.framework */ = {isa = PBXFileReference; lastKnownFileType = wrapper.framework; name = SnapKit.framework; path = Carthage/Build/iOS/SnapKit.framework; sourceTree = "<group>"; };
		4CFB35B120EC7CBB009B3893 /* ReactiveCocoa.framework */ = {isa = PBXFileReference; lastKnownFileType = wrapper.framework; name = ReactiveCocoa.framework; path = Carthage/Build/iOS/ReactiveCocoa.framework; sourceTree = "<group>"; };
		4CFB35B320EC7CCA009B3893 /* ReactiveSwift.framework */ = {isa = PBXFileReference; lastKnownFileType = wrapper.framework; name = ReactiveSwift.framework; path = Carthage/Build/iOS/ReactiveSwift.framework; sourceTree = "<group>"; };
		4CFB35B520EC7CDE009B3893 /* Result.framework */ = {isa = PBXFileReference; lastKnownFileType = wrapper.framework; name = Result.framework; path = Carthage/Build/iOS/Result.framework; sourceTree = "<group>"; };
		4CFB35B720EC7DA4009B3893 /* MovieRecordViewController.swift */ = {isa = PBXFileReference; lastKnownFileType = sourcecode.swift; path = MovieRecordViewController.swift; sourceTree = "<group>"; };
		4CFB35B920EC7DB9009B3893 /* MovieEditViewController.swift */ = {isa = PBXFileReference; lastKnownFileType = sourcecode.swift; path = MovieEditViewController.swift; sourceTree = "<group>"; };
		4CFB35BC20EC90AA009B3893 /* Clip.swift */ = {isa = PBXFileReference; lastKnownFileType = sourcecode.swift; path = Clip.swift; sourceTree = "<group>"; };
		4CFB35C120EC9769009B3893 /* MovieRecordViewModel.swift */ = {isa = PBXFileReference; lastKnownFileType = sourcecode.swift; path = MovieRecordViewModel.swift; sourceTree = "<group>"; };
		4CFB35C420EC9A20009B3893 /* RecordPreviewView.swift */ = {isa = PBXFileReference; lastKnownFileType = sourcecode.swift; path = RecordPreviewView.swift; sourceTree = "<group>"; };
		4CFB35C620ECA461009B3893 /* RecordSession.swift */ = {isa = PBXFileReference; lastKnownFileType = sourcecode.swift; path = RecordSession.swift; sourceTree = "<group>"; };
		4CFB35C820ECB3E7009B3893 /* RecordEditView.swift */ = {isa = PBXFileReference; lastKnownFileType = sourcecode.swift; path = RecordEditView.swift; sourceTree = "<group>"; };
		4CFB35CA20ECB9F8009B3893 /* ReactiveExtension.swift */ = {isa = PBXFileReference; lastKnownFileType = sourcecode.swift; path = ReactiveExtension.swift; sourceTree = "<group>"; };
		4CFB35CC20ECC59C009B3893 /* BGMClip.swift */ = {isa = PBXFileReference; lastKnownFileType = sourcecode.swift; path = BGMClip.swift; sourceTree = "<group>"; };
		4CFB35CE20ECCEE8009B3893 /* MVideoEdit-Bridging-Header.h */ = {isa = PBXFileReference; lastKnownFileType = sourcecode.c.h; path = "MVideoEdit-Bridging-Header.h"; sourceTree = "<group>"; };
		4CFB35D320ECCF90009B3893 /* MVideoEdit-Bridging-Header.h */ = {isa = PBXFileReference; fileEncoding = 4; lastKnownFileType = sourcecode.c.h; path = "MVideoEdit-Bridging-Header.h"; sourceTree = "<group>"; };
		74E6DA36D77F40D544A5AEDC /* Pods-MVideoEdit.debug.xcconfig */ = {isa = PBXFileReference; includeInIndex = 1; lastKnownFileType = text.xcconfig; name = "Pods-MVideoEdit.debug.xcconfig"; path = "Pods/Target Support Files/Pods-MVideoEdit/Pods-MVideoEdit.debug.xcconfig"; sourceTree = "<group>"; };
		E9F1007B7C1CAA1266F285BA /* Pods_MVideoEdit.framework */ = {isa = PBXFileReference; explicitFileType = wrapper.framework; includeInIndex = 0; path = Pods_MVideoEdit.framework; sourceTree = BUILT_PRODUCTS_DIR; };
/* End PBXFileReference section */

/* Begin PBXFrameworksBuildPhase section */
		4CFB359520EC76F7009B3893 /* Frameworks */ = {
			isa = PBXFrameworksBuildPhase;
			buildActionMask = 2147483647;
			files = (
				4CFB35B620EC7CDE009B3893 /* Result.framework in Frameworks */,
				4CFB35B420EC7CCA009B3893 /* ReactiveSwift.framework in Frameworks */,
				4CFB35B220EC7CBB009B3893 /* ReactiveCocoa.framework in Frameworks */,
				4CFB35B020EC7C89009B3893 /* SnapKit.framework in Frameworks */,
				F52C4ECE5C53698F64B5E5C8 /* Pods_MVideoEdit.framework in Frameworks */,
			);
			runOnlyForDeploymentPostprocessing = 0;
		};
/* End PBXFrameworksBuildPhase section */

/* Begin PBXGroup section */
		45EE8205D0146EDEF8158151 /* Pods */ = {
			isa = PBXGroup;
			children = (
				4CFB35CE20ECCEE8009B3893 /* MVideoEdit-Bridging-Header.h */,
				74E6DA36D77F40D544A5AEDC /* Pods-MVideoEdit.debug.xcconfig */,
				1277D2981CEF07023262061B /* Pods-MVideoEdit.release.xcconfig */,
			);
			name = Pods;
			sourceTree = "<group>";
		};
		4C3FEEEA20F5FD6800354AD9 /* GPUImage */ = {
			isa = PBXGroup;
			children = (
				4C3FEEED20F601AC00354AD9 /* Filter */,
				4C3FEEEB20F5FD9200354AD9 /* MovieFilter.swift */,
			);
			path = GPUImage;
			sourceTree = "<group>";
		};
		4C3FEEED20F601AC00354AD9 /* Filter */ = {
			isa = PBXGroup;
			children = (
				4C3FEEEE20F6020400354AD9 /* TestFilter.h */,
				4C3FEEEF20F6020400354AD9 /* TestFilter.m */,
			);
			path = Filter;
			sourceTree = "<group>";
		};
		4CFB358F20EC76F7009B3893 = {
			isa = PBXGroup;
			children = (
				4C3FEEE620F5A0E900354AD9 /* easylove.mp3 */,
				4C97189D20F4ADA2003C5665 /* kataomoi.mp3 */,
				4CFB35D320ECCF90009B3893 /* MVideoEdit-Bridging-Header.h */,
				4CE7D1DF20F364AA0015A39D /* MovieConposer.swift */,
				4CE7D1DB20F306050015A39D /* MovieCreateManager.swift */,
				4C422EEC20EDFCAB008229F4 /* ClipFileManager.swift */,
				4CFB359A20EC76F7009B3893 /* MVideoEdit */,
				4CFB359920EC76F7009B3893 /* Products */,
				4CFB35AE20EC7C89009B3893 /* Frameworks */,
				45EE8205D0146EDEF8158151 /* Pods */,
			);
			sourceTree = "<group>";
		};
		4CFB359920EC76F7009B3893 /* Products */ = {
			isa = PBXGroup;
			children = (
				4CFB359820EC76F7009B3893 /* MVideoEdit.app */,
			);
			name = Products;
			sourceTree = "<group>";
		};
		4CFB359A20EC76F7009B3893 /* MVideoEdit */ = {
			isa = PBXGroup;
			children = (
				4C3FEEEA20F5FD6800354AD9 /* GPUImage */,
				4CFB35CA20ECB9F8009B3893 /* ReactiveExtension.swift */,
				4CFB35C320EC99F9009B3893 /* View */,
				4CFB35C020EC9751009B3893 /* ViewModel */,
				4CFB35BE20EC973E009B3893 /* Controller */,
				4CFB35BB20EC909D009B3893 /* Model */,
				4CFB359B20EC76F7009B3893 /* AppDelegate.swift */,
				4CFB359D20EC76F7009B3893 /* ViewController.swift */,
				4CFB359F20EC76F7009B3893 /* Main.storyboard */,
				4CFB35A220EC76F7009B3893 /* Assets.xcassets */,
				4CFB35A420EC76F7009B3893 /* LaunchScreen.storyboard */,
				4CFB35A720EC76F7009B3893 /* Info.plist */,
			);
			path = MVideoEdit;
			sourceTree = "<group>";
		};
		4CFB35AE20EC7C89009B3893 /* Frameworks */ = {
			isa = PBXGroup;
			children = (
				4CFB35B520EC7CDE009B3893 /* Result.framework */,
				4CFB35B320EC7CCA009B3893 /* ReactiveSwift.framework */,
				4CFB35B120EC7CBB009B3893 /* ReactiveCocoa.framework */,
				4CFB35AF20EC7C89009B3893 /* SnapKit.framework */,
				E9F1007B7C1CAA1266F285BA /* Pods_MVideoEdit.framework */,
			);
			name = Frameworks;
			sourceTree = "<group>";
		};
		4CFB35BB20EC909D009B3893 /* Model */ = {
			isa = PBXGroup;
			children = (
				4CFB35BC20EC90AA009B3893 /* Clip.swift */,
				4CFB35CC20ECC59C009B3893 /* BGMClip.swift */,
				4CFB35C620ECA461009B3893 /* RecordSession.swift */,
			);
			path = Model;
			sourceTree = "<group>";
		};
		4CFB35BE20EC973E009B3893 /* Controller */ = {
			isa = PBXGroup;
			children = (
				4C422EEA20EDF40A008229F4 /* MovieListViewController.swift */,
				4CFB35B720EC7DA4009B3893 /* MovieRecordViewController.swift */,
				4CFB35B920EC7DB9009B3893 /* MovieEditViewController.swift */,
			);
			path = Controller;
			sourceTree = "<group>";
		};
		4CFB35C020EC9751009B3893 /* ViewModel */ = {
			isa = PBXGroup;
			children = (
				4CFB35C120EC9769009B3893 /* MovieRecordViewModel.swift */,
			);
			path = ViewModel;
			sourceTree = "<group>";
		};
		4CFB35C320EC99F9009B3893 /* View */ = {
			isa = PBXGroup;
			children = (
				4CE7D1DD20F3106B0015A39D /* MovieRecordBarView.swift */,
				4CFB35C420EC9A20009B3893 /* RecordPreviewView.swift */,
				4CFB35C820ECB3E7009B3893 /* RecordEditView.swift */,
				4CCD25AD20F45A1100198D0C /* MovieBGMSelectView.swift */,
			);
			path = View;
			sourceTree = "<group>";
		};
/* End PBXGroup section */

/* Begin PBXNativeTarget section */
		4CFB359720EC76F7009B3893 /* MVideoEdit */ = {
			isa = PBXNativeTarget;
			buildConfigurationList = 4CFB35AA20EC76F7009B3893 /* Build configuration list for PBXNativeTarget "MVideoEdit" */;
			buildPhases = (
				01AC4CCCB37B02E3A53516DD /* [CP] Check Pods Manifest.lock */,
				4CFB359420EC76F7009B3893 /* Sources */,
				4CFB359520EC76F7009B3893 /* Frameworks */,
				4CFB359620EC76F7009B3893 /* Resources */,
				4CFB35AD20EC78C0009B3893 /* ShellScript */,
				FA74338DF91F6F86AAAE2EA8 /* [CP] Embed Pods Frameworks */,
			);
			buildRules = (
			);
			dependencies = (
			);
			name = MVideoEdit;
			productName = MVideoEdit;
			productReference = 4CFB359820EC76F7009B3893 /* MVideoEdit.app */;
			productType = "com.apple.product-type.application";
		};
/* End PBXNativeTarget section */

/* Begin PBXProject section */
		4CFB359020EC76F7009B3893 /* Project object */ = {
			isa = PBXProject;
			attributes = {
				LastSwiftUpdateCheck = 0920;
				LastUpgradeCheck = 0920;
				ORGANIZATIONNAME = zhu.bingyi;
				TargetAttributes = {
					4CFB359720EC76F7009B3893 = {
						CreatedOnToolsVersion = 9.2;
						LastSwiftMigration = 0920;
						ProvisioningStyle = Automatic;
					};
				};
			};
			buildConfigurationList = 4CFB359320EC76F7009B3893 /* Build configuration list for PBXProject "MVideoEdit" */;
			compatibilityVersion = "Xcode 8.0";
			developmentRegion = en;
			hasScannedForEncodings = 0;
			knownRegions = (
				en,
				Base,
			);
			mainGroup = 4CFB358F20EC76F7009B3893;
			productRefGroup = 4CFB359920EC76F7009B3893 /* Products */;
			projectDirPath = "";
			projectRoot = "";
			targets = (
				4CFB359720EC76F7009B3893 /* MVideoEdit */,
			);
		};
/* End PBXProject section */

/* Begin PBXResourcesBuildPhase section */
		4CFB359620EC76F7009B3893 /* Resources */ = {
			isa = PBXResourcesBuildPhase;
			buildActionMask = 2147483647;
			files = (
				4CFB35A620EC76F7009B3893 /* LaunchScreen.storyboard in Resources */,
				4CFB35A320EC76F7009B3893 /* Assets.xcassets in Resources */,
				4CFB35A120EC76F7009B3893 /* Main.storyboard in Resources */,
				4C97189E20F4ADA2003C5665 /* kataomoi.mp3 in Resources */,
				4C3FEEE720F5A0E900354AD9 /* easylove.mp3 in Resources */,
			);
			runOnlyForDeploymentPostprocessing = 0;
		};
/* End PBXResourcesBuildPhase section */

/* Begin PBXShellScriptBuildPhase section */
		01AC4CCCB37B02E3A53516DD /* [CP] Check Pods Manifest.lock */ = {
			isa = PBXShellScriptBuildPhase;
			buildActionMask = 2147483647;
			files = (
			);
			inputPaths = (
				"${PODS_PODFILE_DIR_PATH}/Podfile.lock",
				"${PODS_ROOT}/Manifest.lock",
			);
			name = "[CP] Check Pods Manifest.lock";
			outputPaths = (
				"$(DERIVED_FILE_DIR)/Pods-MVideoEdit-checkManifestLockResult.txt",
			);
			runOnlyForDeploymentPostprocessing = 0;
			shellPath = /bin/sh;
			shellScript = "diff \"${PODS_PODFILE_DIR_PATH}/Podfile.lock\" \"${PODS_ROOT}/Manifest.lock\" > /dev/null\nif [ $? != 0 ] ; then\n    # print error to STDERR\n    echo \"error: The sandbox is not in sync with the Podfile.lock. Run 'pod install' or update your CocoaPods installation.\" >&2\n    exit 1\nfi\n# This output is used by Xcode 'outputs' to avoid re-running this script phase.\necho \"SUCCESS\" > \"${SCRIPT_OUTPUT_FILE_0}\"\n";
			showEnvVarsInLog = 0;
		};
		4CFB35AD20EC78C0009B3893 /* ShellScript */ = {
			isa = PBXShellScriptBuildPhase;
			buildActionMask = 2147483647;
			files = (
			);
			inputPaths = (
				"$(SRCROOT)/Carthage/Build/iOS/ReactiveSwift.framework",
				"$(SRCROOT)/Carthage/Build/iOS/ReactiveCocoa.framework",
				"$(SRCROOT)/Carthage/Build/iOS/SnapKit.framework",
				"$(SRCROOT)/Carthage/Build/iOS/Result.framework",
			);
			outputPaths = (
			);
			runOnlyForDeploymentPostprocessing = 0;
			shellPath = /bin/sh;
			shellScript = "/usr/local/bin/carthage copy-frameworks";
		};
		FA74338DF91F6F86AAAE2EA8 /* [CP] Embed Pods Frameworks */ = {
			isa = PBXShellScriptBuildPhase;
			buildActionMask = 2147483647;
			files = (
			);
			inputPaths = (
				"${SRCROOT}/Pods/Target Support Files/Pods-MVideoEdit/Pods-MVideoEdit-frameworks.sh",
				"${BUILT_PRODUCTS_DIR}/GPUImage/GPUImage.framework",
			);
			name = "[CP] Embed Pods Frameworks";
			outputPaths = (
				"${TARGET_BUILD_DIR}/${FRAMEWORKS_FOLDER_PATH}/GPUImage.framework",
			);
			runOnlyForDeploymentPostprocessing = 0;
			shellPath = /bin/sh;
			shellScript = "\"${SRCROOT}/Pods/Target Support Files/Pods-MVideoEdit/Pods-MVideoEdit-frameworks.sh\"\n";
			showEnvVarsInLog = 0;
		};
/* End PBXShellScriptBuildPhase section */

/* Begin PBXSourcesBuildPhase section */
		4CFB359420EC76F7009B3893 /* Sources */ = {
			isa = PBXSourcesBuildPhase;
			buildActionMask = 2147483647;
			files = (
				4CFB35C220EC9769009B3893 /* MovieRecordViewModel.swift in Sources */,
				4C422EED20EDFCAB008229F4 /* ClipFileManager.swift in Sources */,
				4CFB35C920ECB3E7009B3893 /* RecordEditView.swift in Sources */,
				4CFB35C720ECA461009B3893 /* RecordSession.swift in Sources */,
				4C3FEEEC20F5FD9200354AD9 /* MovieFilter.swift in Sources */,
				4C422EEB20EDF40A008229F4 /* MovieListViewController.swift in Sources */,
				4CFB359E20EC76F7009B3893 /* ViewController.swift in Sources */,
				4CFB35BD20EC90AA009B3893 /* Clip.swift in Sources */,
				4CCD25AE20F45A1100198D0C /* MovieBGMSelectView.swift in Sources */,
				4CE7D1E020F364AA0015A39D /* MovieConposer.swift in Sources */,
				4CFB35BA20EC7DB9009B3893 /* MovieEditViewController.swift in Sources */,
				4CFB35C520EC9A20009B3893 /* RecordPreviewView.swift in Sources */,
				4CE7D1DC20F306050015A39D /* MovieCreateManager.swift in Sources */,
				4CFB35CD20ECC59C009B3893 /* BGMClip.swift in Sources */,
				4C3FEEF020F6020400354AD9 /* TestFilter.m in Sources */,
				4CFB359C20EC76F7009B3893 /* AppDelegate.swift in Sources */,
				4CFB35CB20ECB9F8009B3893 /* ReactiveExtension.swift in Sources */,
				4CE7D1DE20F3106B0015A39D /* MovieRecordBarView.swift in Sources */,
				4CFB35B820EC7DA4009B3893 /* MovieRecordViewController.swift in Sources */,
			);
			runOnlyForDeploymentPostprocessing = 0;
		};
/* End PBXSourcesBuildPhase section */

/* Begin PBXVariantGroup section */
		4CFB359F20EC76F7009B3893 /* Main.storyboard */ = {
			isa = PBXVariantGroup;
			children = (
				4CFB35A020EC76F7009B3893 /* Base */,
			);
			name = Main.storyboard;
			sourceTree = "<group>";
		};
		4CFB35A420EC76F7009B3893 /* LaunchScreen.storyboard */ = {
			isa = PBXVariantGroup;
			children = (
				4CFB35A520EC76F7009B3893 /* Base */,
			);
			name = LaunchScreen.storyboard;
			sourceTree = "<group>";
		};
/* End PBXVariantGroup section */

/* Begin XCBuildConfiguration section */
		4CFB35A820EC76F7009B3893 /* Debug */ = {
			isa = XCBuildConfiguration;
			buildSettings = {
				ALWAYS_SEARCH_USER_PATHS = NO;
				CLANG_ANALYZER_NONNULL = YES;
				CLANG_ANALYZER_NUMBER_OBJECT_CONVERSION = YES_AGGRESSIVE;
				CLANG_CXX_LANGUAGE_STANDARD = "gnu++14";
				CLANG_CXX_LIBRARY = "libc++";
				CLANG_ENABLE_MODULES = YES;
				CLANG_ENABLE_OBJC_ARC = YES;
				CLANG_WARN_BLOCK_CAPTURE_AUTORELEASING = YES;
				CLANG_WARN_BOOL_CONVERSION = YES;
				CLANG_WARN_COMMA = YES;
				CLANG_WARN_CONSTANT_CONVERSION = YES;
				CLANG_WARN_DIRECT_OBJC_ISA_USAGE = YES_ERROR;
				CLANG_WARN_DOCUMENTATION_COMMENTS = YES;
				CLANG_WARN_EMPTY_BODY = YES;
				CLANG_WARN_ENUM_CONVERSION = YES;
				CLANG_WARN_INFINITE_RECURSION = YES;
				CLANG_WARN_INT_CONVERSION = YES;
				CLANG_WARN_NON_LITERAL_NULL_CONVERSION = YES;
				CLANG_WARN_OBJC_LITERAL_CONVERSION = YES;
				CLANG_WARN_OBJC_ROOT_CLASS = YES_ERROR;
				CLANG_WARN_RANGE_LOOP_ANALYSIS = YES;
				CLANG_WARN_STRICT_PROTOTYPES = YES;
				CLANG_WARN_SUSPICIOUS_MOVE = YES;
				CLANG_WARN_UNGUARDED_AVAILABILITY = YES_AGGRESSIVE;
				CLANG_WARN_UNREACHABLE_CODE = YES;
				CLANG_WARN__DUPLICATE_METHOD_MATCH = YES;
				CODE_SIGN_IDENTITY = "iPhone Developer";
				COPY_PHASE_STRIP = NO;
				DEBUG_INFORMATION_FORMAT = dwarf;
				ENABLE_STRICT_OBJC_MSGSEND = YES;
				ENABLE_TESTABILITY = YES;
				GCC_C_LANGUAGE_STANDARD = gnu11;
				GCC_DYNAMIC_NO_PIC = NO;
				GCC_NO_COMMON_BLOCKS = YES;
				GCC_OPTIMIZATION_LEVEL = 0;
				GCC_PREPROCESSOR_DEFINITIONS = (
					"DEBUG=1",
					"$(inherited)",
				);
				GCC_WARN_64_TO_32_BIT_CONVERSION = YES;
				GCC_WARN_ABOUT_RETURN_TYPE = YES_ERROR;
				GCC_WARN_UNDECLARED_SELECTOR = YES;
				GCC_WARN_UNINITIALIZED_AUTOS = YES_AGGRESSIVE;
				GCC_WARN_UNUSED_FUNCTION = YES;
				GCC_WARN_UNUSED_VARIABLE = YES;
				IPHONEOS_DEPLOYMENT_TARGET = 11.2;
				MTL_ENABLE_DEBUG_INFO = YES;
				ONLY_ACTIVE_ARCH = YES;
				SDKROOT = iphoneos;
				SWIFT_ACTIVE_COMPILATION_CONDITIONS = DEBUG;
				SWIFT_OPTIMIZATION_LEVEL = "-Onone";
			};
			name = Debug;
		};
		4CFB35A920EC76F7009B3893 /* Release */ = {
			isa = XCBuildConfiguration;
			buildSettings = {
				ALWAYS_SEARCH_USER_PATHS = NO;
				CLANG_ANALYZER_NONNULL = YES;
				CLANG_ANALYZER_NUMBER_OBJECT_CONVERSION = YES_AGGRESSIVE;
				CLANG_CXX_LANGUAGE_STANDARD = "gnu++14";
				CLANG_CXX_LIBRARY = "libc++";
				CLANG_ENABLE_MODULES = YES;
				CLANG_ENABLE_OBJC_ARC = YES;
				CLANG_WARN_BLOCK_CAPTURE_AUTORELEASING = YES;
				CLANG_WARN_BOOL_CONVERSION = YES;
				CLANG_WARN_COMMA = YES;
				CLANG_WARN_CONSTANT_CONVERSION = YES;
				CLANG_WARN_DIRECT_OBJC_ISA_USAGE = YES_ERROR;
				CLANG_WARN_DOCUMENTATION_COMMENTS = YES;
				CLANG_WARN_EMPTY_BODY = YES;
				CLANG_WARN_ENUM_CONVERSION = YES;
				CLANG_WARN_INFINITE_RECURSION = YES;
				CLANG_WARN_INT_CONVERSION = YES;
				CLANG_WARN_NON_LITERAL_NULL_CONVERSION = YES;
				CLANG_WARN_OBJC_LITERAL_CONVERSION = YES;
				CLANG_WARN_OBJC_ROOT_CLASS = YES_ERROR;
				CLANG_WARN_RANGE_LOOP_ANALYSIS = YES;
				CLANG_WARN_STRICT_PROTOTYPES = YES;
				CLANG_WARN_SUSPICIOUS_MOVE = YES;
				CLANG_WARN_UNGUARDED_AVAILABILITY = YES_AGGRESSIVE;
				CLANG_WARN_UNREACHABLE_CODE = YES;
				CLANG_WARN__DUPLICATE_METHOD_MATCH = YES;
				CODE_SIGN_IDENTITY = "iPhone Developer";
				COPY_PHASE_STRIP = NO;
				DEBUG_INFORMATION_FORMAT = "dwarf-with-dsym";
				ENABLE_NS_ASSERTIONS = NO;
				ENABLE_STRICT_OBJC_MSGSEND = YES;
				GCC_C_LANGUAGE_STANDARD = gnu11;
				GCC_NO_COMMON_BLOCKS = YES;
				GCC_WARN_64_TO_32_BIT_CONVERSION = YES;
				GCC_WARN_ABOUT_RETURN_TYPE = YES_ERROR;
				GCC_WARN_UNDECLARED_SELECTOR = YES;
				GCC_WARN_UNINITIALIZED_AUTOS = YES_AGGRESSIVE;
				GCC_WARN_UNUSED_FUNCTION = YES;
				GCC_WARN_UNUSED_VARIABLE = YES;
				IPHONEOS_DEPLOYMENT_TARGET = 11.2;
				MTL_ENABLE_DEBUG_INFO = NO;
				SDKROOT = iphoneos;
				SWIFT_OPTIMIZATION_LEVEL = "-Owholemodule";
				VALIDATE_PRODUCT = YES;
			};
			name = Release;
		};
		4CFB35AB20EC76F7009B3893 /* Debug */ = {
			isa = XCBuildConfiguration;
			baseConfigurationReference = 74E6DA36D77F40D544A5AEDC /* Pods-MVideoEdit.debug.xcconfig */;
			buildSettings = {
				ASSETCATALOG_COMPILER_APPICON_NAME = AppIcon;
				CLANG_ENABLE_MODULES = YES;
				CODE_SIGN_STYLE = Automatic;
				DEVELOPMENT_TEAM = PF4FM2G4XA;
				FRAMEWORK_SEARCH_PATHS = (
					"$(inherited)",
					"$(PROJECT_DIR)/Carthage/Build/iOS",
				);
				INFOPLIST_FILE = MVideoEdit/Info.plist;
				IPHONEOS_DEPLOYMENT_TARGET = 10.0;
				LD_RUNPATH_SEARCH_PATHS = "$(inherited) @executable_path/Frameworks";
				PRODUCT_BUNDLE_IDENTIFIER = com.zhubingyi.MVideoEdit;
				PRODUCT_NAME = "$(TARGET_NAME)";
				SWIFT_OBJC_BRIDGING_HEADER = "MVideoEdit-Bridging-Header.h";
				SWIFT_OPTIMIZATION_LEVEL = "-Onone";
				SWIFT_VERSION = 4.0;
				TARGETED_DEVICE_FAMILY = "1,2";
			};
			name = Debug;
		};
		4CFB35AC20EC76F7009B3893 /* Release */ = {
			isa = XCBuildConfiguration;
			baseConfigurationReference = 1277D2981CEF07023262061B /* Pods-MVideoEdit.release.xcconfig */;
			buildSettings = {
				ASSETCATALOG_COMPILER_APPICON_NAME = AppIcon;
				CLANG_ENABLE_MODULES = YES;
				CODE_SIGN_STYLE = Automatic;
				DEVELOPMENT_TEAM = PF4FM2G4XA;
				FRAMEWORK_SEARCH_PATHS = (
					"$(inherited)",
					"$(PROJECT_DIR)/Carthage/Build/iOS",
				);
				INFOPLIST_FILE = MVideoEdit/Info.plist;
				IPHONEOS_DEPLOYMENT_TARGET = 10.0;
				LD_RUNPATH_SEARCH_PATHS = "$(inherited) @executable_path/Frameworks";
				PRODUCT_BUNDLE_IDENTIFIER = com.zhubingyi.MVideoEdit;
				PRODUCT_NAME = "$(TARGET_NAME)";
				SWIFT_OBJC_BRIDGING_HEADER = "MVideoEdit-Bridging-Header.h";
				SWIFT_VERSION = 4.0;
				TARGETED_DEVICE_FAMILY = "1,2";
			};
			name = Release;
		};
/* End XCBuildConfiguration section */

/* Begin XCConfigurationList section */
		4CFB359320EC76F7009B3893 /* Build configuration list for PBXProject "MVideoEdit" */ = {
			isa = XCConfigurationList;
			buildConfigurations = (
				4CFB35A820EC76F7009B3893 /* Debug */,
				4CFB35A920EC76F7009B3893 /* Release */,
			);
			defaultConfigurationIsVisible = 0;
			defaultConfigurationName = Release;
		};
		4CFB35AA20EC76F7009B3893 /* Build configuration list for PBXNativeTarget "MVideoEdit" */ = {
			isa = XCConfigurationList;
			buildConfigurations = (
				4CFB35AB20EC76F7009B3893 /* Debug */,
				4CFB35AC20EC76F7009B3893 /* Release */,
			);
			defaultConfigurationIsVisible = 0;
			defaultConfigurationName = Release;
		};
/* End XCConfigurationList section */
	};
	rootObject = 4CFB359020EC76F7009B3893 /* Project object */;
}
